
Microsoft Visual Studio Solution File, Format Version 12.00
# Visual Studio 15
VisualStudioVersion = 15.0.27004.2002
MinimumVisualStudioVersion = 10.0.40219.1
Project("{FAE04EC0-301F-11D3-BF4B-00C04F79EFBC}") = "ReadingXML", "ReadingXML.csproj", "{35EF11B8-DFC9-42A7-9E89-B84D3F13E396}"
EndProject
Global
	GlobalSection(SolutionConfigurationPlatforms) = preSolution
		Debug|Any CPU = Debug|Any CPU
		Release|Any CPU = Release|Any CPU
	EndGlobalSection
	GlobalSection(ProjectConfigurationPlatforms) = postSolution
		{35EF11B8-DFC9-42A7-9E89-B84D3F13E396}.Debug|Any CPU.ActiveCfg = Debug|Any CPU
		{35EF11B8-DFC9-42A7-9E89-B84D3F13E396}.Debug|Any CPU.Build.0 = Debug|Any CPU
		{35EF11B8-DFC9-42A7-9E89-B84D3F13E396}.Release|Any CPU.ActiveCfg = Release|Any CPU
		{35EF11B8-DFC9-42A7-9E89-B84D3F13E396}.Release|Any CPU.Build.0 = Release|Any CPU
	EndGlobalSection
	GlobalSection(SolutionProperties) = preSolution
		HideSolutionNode = FALSE
	EndGlobalSection
	GlobalSection(ExtensibilityGlobals) = postSolution
		SolutionGuid = {FEFC5092-31D4-4017-B25C-CB2EF81815BF}
	EndGlobalSection
EndGlobal
